
Microsoft Visual Studio Solution File, Format Version 12.00
# Visual Studio Version 16
VisualStudioVersion = 25.0.1700.6
MinimumVisualStudioVersion = 10.0.40219.1
Project("{FAE04EC0-301F-11D3-BF4B-00C04F79EFBC}") = "BlazorHRM.Client", "BlazorHRM.Client\BlazorHRM.Client.csproj", "{2272A6CC-40B5-49B8-B2A1-F5B09AD3F027}"
EndProject
Project("{FAE04EC0-301F-11D3-BF4B-00C04F79EFBC}") = "BlazorHRM.Shared", "BlazorHRM.Shared\BlazorHRM.Shared.csproj", "{CCF0EE70-DE36-4D32-AB55-78A400F6B94B}"
EndProject
Project("{FAE04EC0-301F-11D3-BF4B-00C04F79EFBC}") = "BlazorHRM.Server", "BlazorHRM.Server\BlazorHRM.Server.csproj", "{D157BD21-D4B6-4181-A8E3-9556BC974B50}"
EndProject
Global
	GlobalSection(SolutionConfigurationPlatforms) = preSolution
		Debug|Any CPU = Debug|Any CPU
		Release|Any CPU = Release|Any CPU
	EndGlobalSection
	GlobalSection(ProjectConfigurationPlatforms) = postSolution
		{2272A6CC-40B5-49B8-B2A1-F5B09AD3F027}.Debug|Any CPU.ActiveCfg = Debug|Any CPU
		{2272A6CC-40B5-49B8-B2A1-F5B09AD3F027}.Debug|Any CPU.Build.0 = Debug|Any CPU
		{2272A6CC-40B5-49B8-B2A1-F5B09AD3F027}.Release|Any CPU.ActiveCfg = Release|Any CPU
		{2272A6CC-40B5-49B8-B2A1-F5B09AD3F027}.Release|Any CPU.Build.0 = Release|Any CPU
		{CCF0EE70-DE36-4D32-AB55-78A400F6B94B}.Debug|Any CPU.ActiveCfg = Debug|Any CPU
		{CCF0EE70-DE36-4D32-AB55-78A400F6B94B}.Debug|Any CPU.Build.0 = Debug|Any CPU
		{CCF0EE70-DE36-4D32-AB55-78A400F6B94B}.Release|Any CPU.ActiveCfg = Release|Any CPU
		{CCF0EE70-DE36-4D32-AB55-78A400F6B94B}.Release|Any CPU.Build.0 = Release|Any CPU
		{D157BD21-D4B6-4181-A8E3-9556BC974B50}.Debug|Any CPU.ActiveCfg = Debug|Any CPU
		{D157BD21-D4B6-4181-A8E3-9556BC974B50}.Debug|Any CPU.Build.0 = Debug|Any CPU
		{D157BD21-D4B6-4181-A8E3-9556BC974B50}.Release|Any CPU.ActiveCfg = Release|Any CPU
		{D157BD21-D4B6-4181-A8E3-9556BC974B50}.Release|Any CPU.Build.0 = Release|Any CPU
	EndGlobalSection
	GlobalSection(SolutionProperties) = preSolution
		HideSolutionNode = FALSE
	EndGlobalSection
	GlobalSection(ExtensibilityGlobals) = postSolution
		SolutionGuid = {92AFF368-EA80-47EF-A422-A8F1C2C07340}
	EndGlobalSection
EndGlobal
